
Microsoft Visual Studio Solution File, Format Version 12.00
# Visual Studio Version 16
VisualStudioVersion = 16.0.29001.49
MinimumVisualStudioVersion = 10.0.40219.1
Project("{FAE04EC0-301F-11D3-BF4B-00C04F79EFBC}") = "hello world", "hello world\hello world.csproj", "{2FC3E20D-09F5-41D1-B0F3-583A9E811B96}"
EndProject
Global
	GlobalSection(SolutionConfigurationPlatforms) = preSolution
		Debug|Any CPU = Debug|Any CPU
		Release|Any CPU = Release|Any CPU
	EndGlobalSection
	GlobalSection(ProjectConfigurationPlatforms) = postSolution
		{2FC3E20D-09F5-41D1-B0F3-583A9E811B96}.Debug|Any CPU.ActiveCfg = Debug|Any CPU
		{2FC3E20D-09F5-41D1-B0F3-583A9E811B96}.Debug|Any CPU.Build.0 = Debug|Any CPU
		{2FC3E20D-09F5-41D1-B0F3-583A9E811B96}.Release|Any CPU.ActiveCfg = Release|Any CPU
		{2FC3E20D-09F5-41D1-B0F3-583A9E811B96}.Release|Any CPU.Build.0 = Release|Any CPU
	EndGlobalSection
	GlobalSection(SolutionProperties) = preSolution
		HideSolutionNode = FALSE
	EndGlobalSection
	GlobalSection(ExtensibilityGlobals) = postSolution
		SolutionGuid = {78E80EC2-4D29-40B4-BB91-4294BB09964C}
	EndGlobalSection
EndGlobal
